<?xml version="1.0" encoding="utf-8"?>
<Project ToolsVersion="4.0" xmlns="http://schemas.microsoft.com/developer/msbuild/2003">
  <ItemGroup>
    <Filter Include="GameFiles">
      <UniqueIdentifier>{93995380-89BD-4b04-88EB-625FBE52EBFB}</UniqueIdentifier>
      <Extensions>h;hh;hpp;hxx;hm;inl;inc;ipp;xsd</Extensions>
    </Filter>
    <Filter Include="Components">
      <UniqueIdentifier>{71a9cfd7-3094-4b04-803f-34a92a7a7163}</UniqueIdentifier>
    </Filter>
    <Filter Include="MainFiles">
      <UniqueIdentifier>{984d89be-6e55-45e5-b285-b234797521d7}</UniqueIdentifier>
    </Filter>
  </ItemGroup>
  <ItemGroup>
    <ClInclude Include="pch.h">
      <Filter>GameFiles</Filter>
    </ClInclude>
    <ClInclude Include="Game.h">
      <Filter>GameFiles</Filter>
    </ClInclude>
    <ClInclude Include="GameFieldGridComponent.h">
      <Filter>Components</Filter>
    </ClInclude>
    <ClInclude Include="PlayerPengoMovementComponent.h">
      <Filter>Components</Filter>
    </ClInclude>
    <ClInclude Include="GameCommand.h">
      <Filter>MainFiles</Filter>
    </ClInclude>
    <ClInclude Include="LevelLoader.h">
      <Filter>MainFiles</Filter>
    </ClInclude>
    <ClInclude Include="IceBlockComponent.h">
      <Filter>Components</Filter>
    </ClInclude>
    <ClInclude Include="SnoBeeAIComponent.h">
      <Filter>Components</Filter>
    </ClInclude>
    <ClInclude Include="DiamondBlockComponent.h">
      <Filter>Components</Filter>
    </ClInclude>
    <ClInclude Include="GameObserver.h">
      <Filter>GameFiles</Filter>
    </ClInclude>
    <ClInclude Include="EggBlockComponent.h">
      <Filter>Components</Filter>
    </ClInclude>
    <ClInclude Include="WallComponent.h">
      <Filter>Components</Filter>
    </ClInclude>
    <ClInclude Include="UIScoreComponent.h">
      <Filter>Components</Filter>
    </ClInclude>
  </ItemGroup>
  <ItemGroup>
    <ClCompile Include="Game.cpp">
      <Filter>GameFiles</Filter>
    </ClCompile>
    <ClCompile Include="pch.cpp">
      <Filter>GameFiles</Filter>
    </ClCompile>
    <ClCompile Include="Pengo.cpp">
      <Filter>GameFiles</Filter>
    </ClCompile>
    <ClCompile Include="GameFieldGridComponent.cpp">
      <Filter>Components</Filter>
    </ClCompile>
    <ClCompile Include="PlayerPengoMovementComponent.cpp">
      <Filter>Components</Filter>
    </ClCompile>
    <ClCompile Include="GameCommand.cpp">
      <Filter>MainFiles</Filter>
    </ClCompile>
    <ClCompile Include="LevelLoader.cpp">
      <Filter>MainFiles</Filter>
    </ClCompile>
    <ClCompile Include="IceBlockComponent.cpp">
      <Filter>Components</Filter>
    </ClCompile>
    <ClCompile Include="SnoBeeAIComponent.cpp">
      <Filter>Components</Filter>
    </ClCompile>
    <ClCompile Include="DiamondBlockComponent.cpp">
      <Filter>Components</Filter>
    </ClCompile>
    <ClCompile Include="GameObserver.cpp">
      <Filter>GameFiles</Filter>
    </ClCompile>
    <ClCompile Include="EggBlockComponent.cpp">
      <Filter>Components</Filter>
    </ClCompile>
    <ClCompile Include="WallComponent.cpp">
      <Filter>Components</Filter>
    </ClCompile>
    <ClCompile Include="UIScoreComponent.cpp">
      <Filter>Components</Filter>
    </ClCompile>
  </ItemGroup>
</Project>