<?xml version="1.0" encoding="utf-8"?>
<Project ToolsVersion="4.0" xmlns="http://schemas.microsoft.com/developer/msbuild/2003">
  <ItemGroup>
    <Filter Include="Components">
      <UniqueIdentifier>{fa4161a4-1ada-4f6a-877d-3cca9e6d4650}</UniqueIdentifier>
    </Filter>
    <Filter Include="Legacy">
      <UniqueIdentifier>{5762038a-4ea1-433b-a2e3-b11af0036f9c}</UniqueIdentifier>
    </Filter>
    <Filter Include="Objects">
      <UniqueIdentifier>{921c0f96-3838-4e63-842e-f7d6c3e22cd7}</UniqueIdentifier>
    </Filter>
    <Filter Include="Audio">
      <UniqueIdentifier>{1dd207e8-6fdf-4403-b887-24ee2d7c0321}</UniqueIdentifier>
    </Filter>
    <Filter Include="Mainfiles">
      <UniqueIdentifier>{93995380-89BD-4b04-88EB-625FBE52EBFB}</UniqueIdentifier>
      <Extensions>h;hh;hpp;hxx;hm;inl;inc;xsd</Extensions>
    </Filter>
  </ItemGroup>
  <ItemGroup>
    <ClInclude Include="BaseComponent.h">
      <Filter>Components</Filter>
    </ClInclude>
    <ClInclude Include="TextRendererComponent.h">
      <Filter>Components</Filter>
    </ClInclude>
    <ClInclude Include="Font.h">
      <Filter>Legacy</Filter>
    </ClInclude>
    <ClInclude Include="json.hpp">
      <Filter>Legacy</Filter>
    </ClInclude>
    <ClInclude Include="Log.h">
      <Filter>Legacy</Filter>
    </ClInclude>
    <ClInclude Include="ResourceManager.h">
      <Filter>Legacy</Filter>
    </ClInclude>
    <ClInclude Include="SceneManager.h">
      <Filter>Legacy</Filter>
    </ClInclude>
    <ClInclude Include="Singleton.h">
      <Filter>Legacy</Filter>
    </ClInclude>
    <ClInclude Include="targetver.h">
      <Filter>Legacy</Filter>
    </ClInclude>
    <ClInclude Include="TextObject.h">
      <Filter>Legacy</Filter>
    </ClInclude>
    <ClInclude Include="Transform.h">
      <Filter>Legacy</Filter>
    </ClInclude>
    <ClInclude Include="Minigin.h">
      <Filter>Mainfiles</Filter>
    </ClInclude>
    <ClInclude Include="MiniginPCH.h">
      <Filter>Mainfiles</Filter>
    </ClInclude>
    <ClInclude Include="FPSComponent.h">
      <Filter>Components</Filter>
    </ClInclude>
    <ClInclude Include="Structs.h">
      <Filter>Mainfiles</Filter>
    </ClInclude>
    <ClInclude Include="GameObject.h">
      <Filter>Objects</Filter>
    </ClInclude>
    <ClInclude Include="Scene.h">
      <Filter>Mainfiles</Filter>
    </ClInclude>
    <ClInclude Include="TextureComponent.h">
      <Filter>Components</Filter>
    </ClInclude>
    <ClInclude Include="InputManager.h">
      <Filter>Mainfiles</Filter>
    </ClInclude>
    <ClInclude Include="Command.h">
      <Filter>Mainfiles</Filter>
    </ClInclude>
    <ClInclude Include="ServiceLocator.h">
      <Filter>Mainfiles</Filter>
    </ClInclude>
    <ClInclude Include="Audio.h">
      <Filter>Audio</Filter>
    </ClInclude>
    <ClInclude Include="NullAudio.h">
      <Filter>Audio</Filter>
    </ClInclude>
    <ClInclude Include="GameAudio.h">
      <Filter>Audio</Filter>
    </ClInclude>
    <ClInclude Include="Renderer.h">
      <Filter>Mainfiles</Filter>
    </ClInclude>
    <ClInclude Include="SceneObject.h">
      <Filter>Objects</Filter>
    </ClInclude>
    <ClInclude Include="AnimatorComponent.h">
      <Filter>Components</Filter>
    </ClInclude>
    <ClInclude Include="Texture2D.h">
      <Filter>Mainfiles</Filter>
    </ClInclude>
    <ClInclude Include="AiComponent.h">
      <Filter>Components</Filter>
    </ClInclude>
    <ClInclude Include="Utils.h">
      <Filter>Mainfiles</Filter>
    </ClInclude>
    <ClInclude Include="CollisionManager.h">
      <Filter>Mainfiles</Filter>
    </ClInclude>
    <ClInclude Include="CollisionComponent.h">
      <Filter>Components</Filter>
    </ClInclude>
    <ClInclude Include="CollisionCheckerComponent.h">
      <Filter>Components</Filter>
    </ClInclude>
    <ClInclude Include="RockComponent.h">
      <Filter>Components</Filter>
    </ClInclude>
    <ClInclude Include="StateComponent.h">
      <Filter>Mainfiles</Filter>
    </ClInclude>
  </ItemGroup>
  <ItemGroup>
    <ClCompile Include="BaseComponent.cpp">
      <Filter>Components</Filter>
    </ClCompile>
    <ClCompile Include="TextRendererComponent.cpp">
      <Filter>Components</Filter>
    </ClCompile>
    <ClCompile Include="Font.cpp">
      <Filter>Legacy</Filter>
    </ClCompile>
    <ClCompile Include="Log.cpp">
      <Filter>Legacy</Filter>
    </ClCompile>
    <ClCompile Include="Main.cpp">
      <Filter>Legacy</Filter>
    </ClCompile>
    <ClCompile Include="ResourceManager.cpp">
      <Filter>Legacy</Filter>
    </ClCompile>
    <ClCompile Include="SceneManager.cpp">
      <Filter>Legacy</Filter>
    </ClCompile>
    <ClCompile Include="TextObject.cpp">
      <Filter>Legacy</Filter>
    </ClCompile>
    <ClCompile Include="Transform.cpp">
      <Filter>Legacy</Filter>
    </ClCompile>
    <ClCompile Include="Minigin.cpp">
      <Filter>Mainfiles</Filter>
    </ClCompile>
    <ClCompile Include="MiniginPCH.cpp">
      <Filter>Mainfiles</Filter>
    </ClCompile>
    <ClCompile Include="FPSComponent.cpp">
      <Filter>Components</Filter>
    </ClCompile>
    <ClCompile Include="GameObject.cpp">
      <Filter>Objects</Filter>
    </ClCompile>
    <ClCompile Include="Scene.cpp">
      <Filter>Mainfiles</Filter>
    </ClCompile>
    <ClCompile Include="TextureComponent.cpp">
      <Filter>Components</Filter>
    </ClCompile>
    <ClCompile Include="InputManager.cpp">
      <Filter>Mainfiles</Filter>
    </ClCompile>
    <ClCompile Include="Command.cpp">
      <Filter>Mainfiles</Filter>
    </ClCompile>
    <ClCompile Include="ServiceLocator.cpp">
      <Filter>Mainfiles</Filter>
    </ClCompile>
    <ClCompile Include="Audio.cpp">
      <Filter>Audio</Filter>
    </ClCompile>
    <ClCompile Include="NullAudio.cpp">
      <Filter>Audio</Filter>
    </ClCompile>
    <ClCompile Include="GameAudio.cpp">
      <Filter>Audio</Filter>
    </ClCompile>
    <ClCompile Include="Renderer.cpp">
      <Filter>Mainfiles</Filter>
    </ClCompile>
    <ClCompile Include="SceneObject.cpp">
      <Filter>Objects</Filter>
    </ClCompile>
    <ClCompile Include="AnimatorComponent.cpp">
      <Filter>Components</Filter>
    </ClCompile>
    <ClCompile Include="Texture2D.cpp">
      <Filter>Mainfiles</Filter>
    </ClCompile>
    <ClCompile Include="AiComponent.cpp">
      <Filter>Components</Filter>
    </ClCompile>
    <ClCompile Include="CollisionComponent.cpp">
      <Filter>Components</Filter>
    </ClCompile>
    <ClCompile Include="CollisionManager.cpp">
      <Filter>Mainfiles</Filter>
    </ClCompile>
    <ClCompile Include="CollisionCheckerComponent.cpp">
      <Filter>Components</Filter>
    </ClCompile>
    <ClCompile Include="RockComponent.cpp">
      <Filter>Components</Filter>
    </ClCompile>
    <ClCompile Include="StateComponent.cpp" />
  </ItemGroup>
</Project>